Microsoft Visual Studio Solution File, Format Version 12.00
# Visual Studio 2013
VisualStudioVersion = 12.0.21005.1
MinimumVisualStudioVersion = 10.0.40219.1
Project("{FAE04EC0-301F-11D3-BF4B-00C04F79EFBC}") = "Exocortex.DSP.NET", "src\Exocortex.DSP.NET\Exocortex.DSP.NET.csproj", "{1904A41B-D1B8-40E5-ADBB-728DDCF7C816}"
EndProject
Project("{FAE04EC0-301F-11D3-BF4B-00C04F79EFBC}") = "Exocortex.DSP.Demo.ImageFilter", "src\Exocortex.DSP.Demo.ImageFilter\Exocortex.DSP.Demo.ImageFilter.csproj", "{C5553FD7-11EF-4121-9A38-7D26A1519C97}"
EndProject
Project("{FAE04EC0-301F-11D3-BF4B-00C04F79EFBC}") = "Exocortex.DSP.Demo.Mandlebrot", "src\Exocortex.DSP.Demo.Mandlebrot\Exocortex.DSP.Demo.Mandlebrot.csproj", "{DFC200D4-60B3-4B82-BE0A-7AE113A084BC}"
EndProject
Project("{FAE04EC0-301F-11D3-BF4B-00C04F79EFBC}") = "Exocortex.DSP.WinRT", "src\Exocortex.DSP.WinRT\Exocortex.DSP.WinRT.csproj", "{32588CA6-738A-47A4-A971-7C8229E6563C}"
EndProject
Global
	GlobalSection(SolutionConfigurationPlatforms) = preSolution
		Debug|Any CPU = Debug|Any CPU
		Debug|ARM = Debug|ARM
		Debug|x64 = Debug|x64
		Debug|x86 = Debug|x86
		Release|Any CPU = Release|Any CPU
		Release|ARM = Release|ARM
		Release|x64 = Release|x64
		Release|x86 = Release|x86
	EndGlobalSection
	GlobalSection(ProjectConfigurationPlatforms) = postSolution
		{1904A41B-D1B8-40E5-ADBB-728DDCF7C816}.Debug|Any CPU.ActiveCfg = Debug|Any CPU
		{1904A41B-D1B8-40E5-ADBB-728DDCF7C816}.Debug|Any CPU.Build.0 = Debug|Any CPU
		{1904A41B-D1B8-40E5-ADBB-728DDCF7C816}.Debug|ARM.ActiveCfg = Debug|Any CPU
		{1904A41B-D1B8-40E5-ADBB-728DDCF7C816}.Debug|x64.ActiveCfg = Debug|Any CPU
		{1904A41B-D1B8-40E5-ADBB-728DDCF7C816}.Debug|x86.ActiveCfg = Debug|Any CPU
		{1904A41B-D1B8-40E5-ADBB-728DDCF7C816}.Release|Any CPU.ActiveCfg = Release|Any CPU
		{1904A41B-D1B8-40E5-ADBB-728DDCF7C816}.Release|Any CPU.Build.0 = Release|Any CPU
		{1904A41B-D1B8-40E5-ADBB-728DDCF7C816}.Release|ARM.ActiveCfg = Release|Any CPU
		{1904A41B-D1B8-40E5-ADBB-728DDCF7C816}.Release|x64.ActiveCfg = Release|Any CPU
		{1904A41B-D1B8-40E5-ADBB-728DDCF7C816}.Release|x86.ActiveCfg = Release|Any CPU
		{C5553FD7-11EF-4121-9A38-7D26A1519C97}.Debug|Any CPU.ActiveCfg = Debug|Any CPU
		{C5553FD7-11EF-4121-9A38-7D26A1519C97}.Debug|Any CPU.Build.0 = Debug|Any CPU
		{C5553FD7-11EF-4121-9A38-7D26A1519C97}.Debug|ARM.ActiveCfg = Debug|Any CPU
		{C5553FD7-11EF-4121-9A38-7D26A1519C97}.Debug|x64.ActiveCfg = Debug|Any CPU
		{C5553FD7-11EF-4121-9A38-7D26A1519C97}.Debug|x86.ActiveCfg = Debug|Any CPU
		{C5553FD7-11EF-4121-9A38-7D26A1519C97}.Release|Any CPU.ActiveCfg = Release|Any CPU
		{C5553FD7-11EF-4121-9A38-7D26A1519C97}.Release|Any CPU.Build.0 = Release|Any CPU
		{C5553FD7-11EF-4121-9A38-7D26A1519C97}.Release|ARM.ActiveCfg = Release|Any CPU
		{C5553FD7-11EF-4121-9A38-7D26A1519C97}.Release|x64.ActiveCfg = Release|Any CPU
		{C5553FD7-11EF-4121-9A38-7D26A1519C97}.Release|x86.ActiveCfg = Release|Any CPU
		{DFC200D4-60B3-4B82-BE0A-7AE113A084BC}.Debug|Any CPU.ActiveCfg = Debug|Any CPU
		{DFC200D4-60B3-4B82-BE0A-7AE113A084BC}.Debug|Any CPU.Build.0 = Debug|Any CPU
		{DFC200D4-60B3-4B82-BE0A-7AE113A084BC}.Debug|ARM.ActiveCfg = Debug|Any CPU
		{DFC200D4-60B3-4B82-BE0A-7AE113A084BC}.Debug|x64.ActiveCfg = Debug|Any CPU
		{DFC200D4-60B3-4B82-BE0A-7AE113A084BC}.Debug|x86.ActiveCfg = Debug|Any CPU
		{DFC200D4-60B3-4B82-BE0A-7AE113A084BC}.Release|Any CPU.ActiveCfg = Release|Any CPU
		{DFC200D4-60B3-4B82-BE0A-7AE113A084BC}.Release|Any CPU.Build.0 = Release|Any CPU
		{DFC200D4-60B3-4B82-BE0A-7AE113A084BC}.Release|ARM.ActiveCfg = Release|Any CPU
		{DFC200D4-60B3-4B82-BE0A-7AE113A084BC}.Release|x64.ActiveCfg = Release|Any CPU
		{DFC200D4-60B3-4B82-BE0A-7AE113A084BC}.Release|x86.ActiveCfg = Release|Any CPU
		{32588CA6-738A-47A4-A971-7C8229E6563C}.Debug|Any CPU.ActiveCfg = Debug|Any CPU
		{32588CA6-738A-47A4-A971-7C8229E6563C}.Debug|Any CPU.Build.0 = Debug|Any CPU
		{32588CA6-738A-47A4-A971-7C8229E6563C}.Debug|ARM.ActiveCfg = Debug|ARM
		{32588CA6-738A-47A4-A971-7C8229E6563C}.Debug|ARM.Build.0 = Debug|ARM
		{32588CA6-738A-47A4-A971-7C8229E6563C}.Debug|x64.ActiveCfg = Debug|x64
		{32588CA6-738A-47A4-A971-7C8229E6563C}.Debug|x64.Build.0 = Debug|x64
		{32588CA6-738A-47A4-A971-7C8229E6563C}.Debug|x86.ActiveCfg = Debug|x86
		{32588CA6-738A-47A4-A971-7C8229E6563C}.Debug|x86.Build.0 = Debug|x86
		{32588CA6-738A-47A4-A971-7C8229E6563C}.Release|Any CPU.ActiveCfg = Release|Any CPU
		{32588CA6-738A-47A4-A971-7C8229E6563C}.Release|Any CPU.Build.0 = Release|Any CPU
		{32588CA6-738A-47A4-A971-7C8229E6563C}.Release|ARM.ActiveCfg = Release|ARM
		{32588CA6-738A-47A4-A971-7C8229E6563C}.Release|ARM.Build.0 = Release|ARM
		{32588CA6-738A-47A4-A971-7C8229E6563C}.Release|x64.ActiveCfg = Release|x64
		{32588CA6-738A-47A4-A971-7C8229E6563C}.Release|x64.Build.0 = Release|x64
		{32588CA6-738A-47A4-A971-7C8229E6563C}.Release|x86.ActiveCfg = Release|x86
		{32588CA6-738A-47A4-A971-7C8229E6563C}.Release|x86.Build.0 = Release|x86
	EndGlobalSection
	GlobalSection(SolutionProperties) = preSolution
		HideSolutionNode = FALSE
	EndGlobalSection
EndGlobal
